
Microsoft Visual Studio Solution File, Format Version 10.00
# Visual Studio 2008
Project("{2150E333-8FDC-42A3-9474-1A3956D46DE8}") = "Solution Items", "Solution Items", "{19DA7990-1A71-4E87-9FCF-5C2EC7C3EC26}"
	ProjectSection(SolutionItems) = preProject
		ChangeLog.txt = ChangeLog.txt
		Dropthings.vsmdi = Dropthings.vsmdi
		LocalTestRun.testrunconfig = LocalTestRun.testrunconfig
		RunAllIntegrationTests.bat = RunAllIntegrationTests.bat
		RunAllRepositoryUnitTests.bat = RunAllRepositoryUnitTests.bat
	EndProjectSection
EndProject
Project("{FAE04EC0-301F-11D3-BF4B-00C04F79EFBC}") = "Dropthings.DataAccess", "DashboardDataAccess\Dropthings.DataAccess.csproj", "{7464A2DC-FE3D-4798-9D26-4054DE8AF9B3}"
EndProject
Project("{E24C65DC-7377-472B-9ABA-BC803B73C61A}") = "Dropthings", "Dropthings\", "{1A966CD5-07C6-4E57-AD53-C05A518B3BB3}"
	ProjectSection(WebsiteProperties) = preProject
		SccProjectName = ""
		SccAuxPath = ""
		SccLocalPath = ""
		SccProvider = ""
		TargetFramework = "3.5"
		ProjectReferences = "{7464A2DC-FE3D-4798-9D26-4054DE8AF9B3}|Dropthings.DataAccess.dll;{514B9055-2EEF-4111-9CAC-F763120BB35D}|Dropthings.Business.Facade.dll;{A5F19582-1F00-406F-A130-5BB7AC598FF7}|Dropthings.Widget.Framework.dll;{3A35E4B6-4CCB-4159-9E39-24438490F757}|Dropthings.Web.Util.dll;{91B72026-1980-46AD-89D0-C33DD411D66A}|Dropthings.Web.Framework.dll;{42190D98-86BA-44B5-8CFF-F62754029C61}|AJAXASMXHandler.dll;{DD2A2DE9-48CC-4E40-B81A-8780BFAB6995}|Dropthings.Model.dll;{A426C626-767E-454B-8D48-7D0289BADBAC}|Dropthings.Configuration.dll;{93D36A52-6C2A-4147-9B89-D35B561F9052}|Dropthing.Silverlight.dll;{739B0A68-33F2-4EC3-8087-C3177AE80E41}|Dropthings.Util.dll;"
		Debug.AspNetCompiler.VirtualPath = "/Dropthings"
		Debug.AspNetCompiler.PhysicalPath = "Dropthings\"
		Debug.AspNetCompiler.TargetPath = "PrecompiledWeb\Dropthings\"
		Debug.AspNetCompiler.Updateable = "true"
		Debug.AspNetCompiler.ForceOverwrite = "true"
		Debug.AspNetCompiler.FixedNames = "false"
		Debug.AspNetCompiler.Debug = "True"
		Release.AspNetCompiler.VirtualPath = "/Dropthings"
		Release.AspNetCompiler.PhysicalPath = "Dropthings\"
		Release.AspNetCompiler.TargetPath = "PrecompiledWeb\Dropthings\"
		Release.AspNetCompiler.Updateable = "true"
		Release.AspNetCompiler.ForceOverwrite = "true"
		Release.AspNetCompiler.FixedNames = "false"
		Release.AspNetCompiler.Debug = "False"
		VWDPort = "8000"
		VWDDynamicPort = "false"
		VWDVirtualPath = "/"
	EndProjectSection
EndProject
Project("{FAE04EC0-301F-11D3-BF4B-00C04F79EFBC}") = "Dropthing.Silverlight", "Dropthing.Silverlight\Dropthing.Silverlight.csproj", "{93D36A52-6C2A-4147-9B89-D35B561F9052}"
EndProject
Project("{FAE04EC0-301F-11D3-BF4B-00C04F79EFBC}") = "Dropthings.Business.Facade", "Dropthings.Business.Facade\Dropthings.Business.Facade.csproj", "{514B9055-2EEF-4111-9CAC-F763120BB35D}"
EndProject
Project("{FAE04EC0-301F-11D3-BF4B-00C04F79EFBC}") = "Dropthings.Web.Framework", "Dropthings.Web.Framework\Dropthings.Web.Framework.csproj", "{91B72026-1980-46AD-89D0-C33DD411D66A}"
EndProject
Project("{FAE04EC0-301F-11D3-BF4B-00C04F79EFBC}") = "Dropthings.Web.Util", "Dropthings.Web.Util\Dropthings.Web.Util.csproj", "{3A35E4B6-4CCB-4159-9E39-24438490F757}"
EndProject
Project("{FAE04EC0-301F-11D3-BF4B-00C04F79EFBC}") = "Dropthings.Util", "Dropthings.Util\Dropthings.Util.csproj", "{739B0A68-33F2-4EC3-8087-C3177AE80E41}"
EndProject
Project("{FAE04EC0-301F-11D3-BF4B-00C04F79EFBC}") = "Dropthings.Widget.Framework", "Dropthings.Widget.Framework\Dropthings.Widget.Framework.csproj", "{A5F19582-1F00-406F-A130-5BB7AC598FF7}"
EndProject
Project("{FAE04EC0-301F-11D3-BF4B-00C04F79EFBC}") = "AJAXASMXHandler", "AjaxAsmxHandler\AJAXASMXHandler.csproj", "{42190D98-86BA-44B5-8CFF-F62754029C61}"
EndProject
Project("{FAE04EC0-301F-11D3-BF4B-00C04F79EFBC}") = "Dropthings.Model", "Dropthings.Model\Dropthings.Model.csproj", "{DD2A2DE9-48CC-4E40-B81A-8780BFAB6995}"
EndProject
Project("{FAE04EC0-301F-11D3-BF4B-00C04F79EFBC}") = "Dropthings.DataAccess.UnitTest", "Dropthings.DataAccess.UnitTest\Dropthings.DataAccess.UnitTest.csproj", "{F66DC261-EE76-4591-BAFF-04791C5DAE3E}"
EndProject
Project("{FAE04EC0-301F-11D3-BF4B-00C04F79EFBC}") = "Dropthings.Configuration", "Dropthings.Configuration\Dropthings.Configuration.csproj", "{A426C626-767E-454B-8D48-7D0289BADBAC}"
EndProject
Project("{FAE04EC0-301F-11D3-BF4B-00C04F79EFBC}") = "xUnit.Subspec", "xUnit.Subspec\xUnit.Subspec.csproj", "{FBE087E3-A830-485B-BD8F-620B5BB83DB7}"
EndProject
Project("{FAE04EC0-301F-11D3-BF4B-00C04F79EFBC}") = "Dropthings.Business.Facade.Tests", "Dropthings.Business.Facade.Tests\Dropthings.Business.Facade.Tests.csproj", "{9ACAEE63-08E8-41AE-B947-6ADF7DF0C81E}"
EndProject
Project("{FAE04EC0-301F-11D3-BF4B-00C04F79EFBC}") = "Dropthings.Test", "Dropthings.Test\Dropthings.Test.csproj", "{6368DD2E-C2A0-45B6-8D08-3F1E67572322}"
EndProject
Global
	GlobalSection(TestCaseManagementSettings) = postSolution
		CategoryFile = Dropthings.vsmdi
	EndGlobalSection
	GlobalSection(SolutionConfigurationPlatforms) = preSolution
		Debug|.NET = Debug|.NET
		Debug|Any CPU = Debug|Any CPU
		Debug|Mixed Platforms = Debug|Mixed Platforms
		Release|.NET = Release|.NET
		Release|Any CPU = Release|Any CPU
		Release|Mixed Platforms = Release|Mixed Platforms
	EndGlobalSection
	GlobalSection(ProjectConfigurationPlatforms) = postSolution
		{7464A2DC-FE3D-4798-9D26-4054DE8AF9B3}.Debug|.NET.ActiveCfg = Debug|Any CPU
		{7464A2DC-FE3D-4798-9D26-4054DE8AF9B3}.Debug|Any CPU.ActiveCfg = Debug|Any CPU
		{7464A2DC-FE3D-4798-9D26-4054DE8AF9B3}.Debug|Any CPU.Build.0 = Debug|Any CPU
		{7464A2DC-FE3D-4798-9D26-4054DE8AF9B3}.Debug|Mixed Platforms.ActiveCfg = Debug|Any CPU
		{7464A2DC-FE3D-4798-9D26-4054DE8AF9B3}.Debug|Mixed Platforms.Build.0 = Debug|Any CPU
		{7464A2DC-FE3D-4798-9D26-4054DE8AF9B3}.Release|.NET.ActiveCfg = Release|Any CPU
		{7464A2DC-FE3D-4798-9D26-4054DE8AF9B3}.Release|Any CPU.ActiveCfg = Release|Any CPU
		{7464A2DC-FE3D-4798-9D26-4054DE8AF9B3}.Release|Any CPU.Build.0 = Release|Any CPU
		{7464A2DC-FE3D-4798-9D26-4054DE8AF9B3}.Release|Mixed Platforms.ActiveCfg = Release|Any CPU
		{7464A2DC-FE3D-4798-9D26-4054DE8AF9B3}.Release|Mixed Platforms.Build.0 = Release|Any CPU
		{1A966CD5-07C6-4E57-AD53-C05A518B3BB3}.Debug|.NET.ActiveCfg = Debug|Any CPU
		{1A966CD5-07C6-4E57-AD53-C05A518B3BB3}.Debug|Any CPU.ActiveCfg = Debug|Any CPU
		{1A966CD5-07C6-4E57-AD53-C05A518B3BB3}.Debug|Any CPU.Build.0 = Debug|Any CPU
		{1A966CD5-07C6-4E57-AD53-C05A518B3BB3}.Debug|Mixed Platforms.ActiveCfg = Debug|Any CPU
		{1A966CD5-07C6-4E57-AD53-C05A518B3BB3}.Debug|Mixed Platforms.Build.0 = Debug|Any CPU
		{1A966CD5-07C6-4E57-AD53-C05A518B3BB3}.Release|.NET.ActiveCfg = Debug|Any CPU
		{1A966CD5-07C6-4E57-AD53-C05A518B3BB3}.Release|Any CPU.ActiveCfg = Debug|Any CPU
		{1A966CD5-07C6-4E57-AD53-C05A518B3BB3}.Release|Any CPU.Build.0 = Debug|Any CPU
		{1A966CD5-07C6-4E57-AD53-C05A518B3BB3}.Release|Mixed Platforms.ActiveCfg = Debug|Any CPU
		{1A966CD5-07C6-4E57-AD53-C05A518B3BB3}.Release|Mixed Platforms.Build.0 = Debug|Any CPU
		{93D36A52-6C2A-4147-9B89-D35B561F9052}.Debug|.NET.ActiveCfg = Debug|Any CPU
		{93D36A52-6C2A-4147-9B89-D35B561F9052}.Debug|Any CPU.ActiveCfg = Debug|Any CPU
		{93D36A52-6C2A-4147-9B89-D35B561F9052}.Debug|Any CPU.Build.0 = Debug|Any CPU
		{93D36A52-6C2A-4147-9B89-D35B561F9052}.Debug|Mixed Platforms.ActiveCfg = Debug|Any CPU
		{93D36A52-6C2A-4147-9B89-D35B561F9052}.Debug|Mixed Platforms.Build.0 = Debug|Any CPU
		{93D36A52-6C2A-4147-9B89-D35B561F9052}.Release|.NET.ActiveCfg = Release|Any CPU
		{93D36A52-6C2A-4147-9B89-D35B561F9052}.Release|Any CPU.ActiveCfg = Release|Any CPU
		{93D36A52-6C2A-4147-9B89-D35B561F9052}.Release|Any CPU.Build.0 = Release|Any CPU
		{93D36A52-6C2A-4147-9B89-D35B561F9052}.Release|Mixed Platforms.ActiveCfg = Release|Any CPU
		{93D36A52-6C2A-4147-9B89-D35B561F9052}.Release|Mixed Platforms.Build.0 = Release|Any CPU
		{514B9055-2EEF-4111-9CAC-F763120BB35D}.Debug|.NET.ActiveCfg = Debug|Any CPU
		{514B9055-2EEF-4111-9CAC-F763120BB35D}.Debug|Any CPU.ActiveCfg = Debug|Any CPU
		{514B9055-2EEF-4111-9CAC-F763120BB35D}.Debug|Any CPU.Build.0 = Debug|Any CPU
		{514B9055-2EEF-4111-9CAC-F763120BB35D}.Debug|Mixed Platforms.ActiveCfg = Debug|Any CPU
		{514B9055-2EEF-4111-9CAC-F763120BB35D}.Debug|Mixed Platforms.Build.0 = Debug|Any CPU
		{514B9055-2EEF-4111-9CAC-F763120BB35D}.Release|.NET.ActiveCfg = Release|Any CPU
		{514B9055-2EEF-4111-9CAC-F763120BB35D}.Release|Any CPU.ActiveCfg = Release|Any CPU
		{514B9055-2EEF-4111-9CAC-F763120BB35D}.Release|Any CPU.Build.0 = Release|Any CPU
		{514B9055-2EEF-4111-9CAC-F763120BB35D}.Release|Mixed Platforms.ActiveCfg = Release|Any CPU
		{514B9055-2EEF-4111-9CAC-F763120BB35D}.Release|Mixed Platforms.Build.0 = Release|Any CPU
		{91B72026-1980-46AD-89D0-C33DD411D66A}.Debug|.NET.ActiveCfg = Debug|Any CPU
		{91B72026-1980-46AD-89D0-C33DD411D66A}.Debug|Any CPU.ActiveCfg = Debug|Any CPU
		{91B72026-1980-46AD-89D0-C33DD411D66A}.Debug|Any CPU.Build.0 = Debug|Any CPU
		{91B72026-1980-46AD-89D0-C33DD411D66A}.Debug|Mixed Platforms.ActiveCfg = Debug|Any CPU
		{91B72026-1980-46AD-89D0-C33DD411D66A}.Debug|Mixed Platforms.Build.0 = Debug|Any CPU
		{91B72026-1980-46AD-89D0-C33DD411D66A}.Release|.NET.ActiveCfg = Release|Any CPU
		{91B72026-1980-46AD-89D0-C33DD411D66A}.Release|Any CPU.ActiveCfg = Release|Any CPU
		{91B72026-1980-46AD-89D0-C33DD411D66A}.Release|Any CPU.Build.0 = Release|Any CPU
		{91B72026-1980-46AD-89D0-C33DD411D66A}.Release|Mixed Platforms.ActiveCfg = Release|Any CPU
		{91B72026-1980-46AD-89D0-C33DD411D66A}.Release|Mixed Platforms.Build.0 = Release|Any CPU
		{3A35E4B6-4CCB-4159-9E39-24438490F757}.Debug|.NET.ActiveCfg = Debug|Any CPU
		{3A35E4B6-4CCB-4159-9E39-24438490F757}.Debug|Any CPU.ActiveCfg = Debug|Any CPU
		{3A35E4B6-4CCB-4159-9E39-24438490F757}.Debug|Any CPU.Build.0 = Debug|Any CPU
		{3A35E4B6-4CCB-4159-9E39-24438490F757}.Debug|Mixed Platforms.ActiveCfg = Debug|Any CPU
		{3A35E4B6-4CCB-4159-9E39-24438490F757}.Debug|Mixed Platforms.Build.0 = Debug|Any CPU
		{3A35E4B6-4CCB-4159-9E39-24438490F757}.Release|.NET.ActiveCfg = Release|Any CPU
		{3A35E4B6-4CCB-4159-9E39-24438490F757}.Release|Any CPU.ActiveCfg = Release|Any CPU
		{3A35E4B6-4CCB-4159-9E39-24438490F757}.Release|Any CPU.Build.0 = Release|Any CPU
		{3A35E4B6-4CCB-4159-9E39-24438490F757}.Release|Mixed Platforms.ActiveCfg = Release|Any CPU
		{3A35E4B6-4CCB-4159-9E39-24438490F757}.Release|Mixed Platforms.Build.0 = Release|Any CPU
		{739B0A68-33F2-4EC3-8087-C3177AE80E41}.Debug|.NET.ActiveCfg = Debug|Any CPU
		{739B0A68-33F2-4EC3-8087-C3177AE80E41}.Debug|Any CPU.ActiveCfg = Debug|Any CPU
		{739B0A68-33F2-4EC3-8087-C3177AE80E41}.Debug|Any CPU.Build.0 = Debug|Any CPU
		{739B0A68-33F2-4EC3-8087-C3177AE80E41}.Debug|Mixed Platforms.ActiveCfg = Debug|Any CPU
		{739B0A68-33F2-4EC3-8087-C3177AE80E41}.Debug|Mixed Platforms.Build.0 = Debug|Any CPU
		{739B0A68-33F2-4EC3-8087-C3177AE80E41}.Release|.NET.ActiveCfg = Release|Any CPU
		{739B0A68-33F2-4EC3-8087-C3177AE80E41}.Release|Any CPU.ActiveCfg = Release|Any CPU
		{739B0A68-33F2-4EC3-8087-C3177AE80E41}.Release|Any CPU.Build.0 = Release|Any CPU
		{739B0A68-33F2-4EC3-8087-C3177AE80E41}.Release|Mixed Platforms.ActiveCfg = Release|Any CPU
		{739B0A68-33F2-4EC3-8087-C3177AE80E41}.Release|Mixed Platforms.Build.0 = Release|Any CPU
		{A5F19582-1F00-406F-A130-5BB7AC598FF7}.Debug|.NET.ActiveCfg = Debug|Any CPU
		{A5F19582-1F00-406F-A130-5BB7AC598FF7}.Debug|Any CPU.ActiveCfg = Debug|Any CPU
		{A5F19582-1F00-406F-A130-5BB7AC598FF7}.Debug|Any CPU.Build.0 = Debug|Any CPU
		{A5F19582-1F00-406F-A130-5BB7AC598FF7}.Debug|Mixed Platforms.ActiveCfg = Debug|Any CPU
		{A5F19582-1F00-406F-A130-5BB7AC598FF7}.Debug|Mixed Platforms.Build.0 = Debug|Any CPU
		{A5F19582-1F00-406F-A130-5BB7AC598FF7}.Release|.NET.ActiveCfg = Release|Any CPU
		{A5F19582-1F00-406F-A130-5BB7AC598FF7}.Release|Any CPU.ActiveCfg = Release|Any CPU
		{A5F19582-1F00-406F-A130-5BB7AC598FF7}.Release|Any CPU.Build.0 = Release|Any CPU
		{A5F19582-1F00-406F-A130-5BB7AC598FF7}.Release|Mixed Platforms.ActiveCfg = Release|Any CPU
		{A5F19582-1F00-406F-A130-5BB7AC598FF7}.Release|Mixed Platforms.Build.0 = Release|Any CPU
		{42190D98-86BA-44B5-8CFF-F62754029C61}.Debug|.NET.ActiveCfg = Debug|Any CPU
		{42190D98-86BA-44B5-8CFF-F62754029C61}.Debug|Any CPU.ActiveCfg = Debug|Any CPU
		{42190D98-86BA-44B5-8CFF-F62754029C61}.Debug|Any CPU.Build.0 = Debug|Any CPU
		{42190D98-86BA-44B5-8CFF-F62754029C61}.Debug|Mixed Platforms.ActiveCfg = Debug|Any CPU
		{42190D98-86BA-44B5-8CFF-F62754029C61}.Debug|Mixed Platforms.Build.0 = Debug|Any CPU
		{42190D98-86BA-44B5-8CFF-F62754029C61}.Release|.NET.ActiveCfg = Release|Any CPU
		{42190D98-86BA-44B5-8CFF-F62754029C61}.Release|Any CPU.ActiveCfg = Release|Any CPU
		{42190D98-86BA-44B5-8CFF-F62754029C61}.Release|Any CPU.Build.0 = Release|Any CPU
		{42190D98-86BA-44B5-8CFF-F62754029C61}.Release|Mixed Platforms.ActiveCfg = Release|Any CPU
		{42190D98-86BA-44B5-8CFF-F62754029C61}.Release|Mixed Platforms.Build.0 = Release|Any CPU
		{DD2A2DE9-48CC-4E40-B81A-8780BFAB6995}.Debug|.NET.ActiveCfg = Debug|Any CPU
		{DD2A2DE9-48CC-4E40-B81A-8780BFAB6995}.Debug|Any CPU.ActiveCfg = Debug|Any CPU
		{DD2A2DE9-48CC-4E40-B81A-8780BFAB6995}.Debug|Any CPU.Build.0 = Debug|Any CPU
		{DD2A2DE9-48CC-4E40-B81A-8780BFAB6995}.Debug|Mixed Platforms.ActiveCfg = Debug|Any CPU
		{DD2A2DE9-48CC-4E40-B81A-8780BFAB6995}.Debug|Mixed Platforms.Build.0 = Debug|Any CPU
		{DD2A2DE9-48CC-4E40-B81A-8780BFAB6995}.Release|.NET.ActiveCfg = Release|Any CPU
		{DD2A2DE9-48CC-4E40-B81A-8780BFAB6995}.Release|Any CPU.ActiveCfg = Release|Any CPU
		{DD2A2DE9-48CC-4E40-B81A-8780BFAB6995}.Release|Any CPU.Build.0 = Release|Any CPU
		{DD2A2DE9-48CC-4E40-B81A-8780BFAB6995}.Release|Mixed Platforms.ActiveCfg = Release|Any CPU
		{DD2A2DE9-48CC-4E40-B81A-8780BFAB6995}.Release|Mixed Platforms.Build.0 = Release|Any CPU
		{F66DC261-EE76-4591-BAFF-04791C5DAE3E}.Debug|.NET.ActiveCfg = Debug|Any CPU
		{F66DC261-EE76-4591-BAFF-04791C5DAE3E}.Debug|Any CPU.ActiveCfg = Debug|Any CPU
		{F66DC261-EE76-4591-BAFF-04791C5DAE3E}.Debug|Any CPU.Build.0 = Debug|Any CPU
		{F66DC261-EE76-4591-BAFF-04791C5DAE3E}.Debug|Mixed Platforms.ActiveCfg = Debug|Any CPU
		{F66DC261-EE76-4591-BAFF-04791C5DAE3E}.Debug|Mixed Platforms.Build.0 = Debug|Any CPU
		{F66DC261-EE76-4591-BAFF-04791C5DAE3E}.Release|.NET.ActiveCfg = Release|Any CPU
		{F66DC261-EE76-4591-BAFF-04791C5DAE3E}.Release|Any CPU.ActiveCfg = Release|Any CPU
		{F66DC261-EE76-4591-BAFF-04791C5DAE3E}.Release|Any CPU.Build.0 = Release|Any CPU
		{F66DC261-EE76-4591-BAFF-04791C5DAE3E}.Release|Mixed Platforms.ActiveCfg = Release|Any CPU
		{F66DC261-EE76-4591-BAFF-04791C5DAE3E}.Release|Mixed Platforms.Build.0 = Release|Any CPU
		{A426C626-767E-454B-8D48-7D0289BADBAC}.Debug|.NET.ActiveCfg = Debug|Any CPU
		{A426C626-767E-454B-8D48-7D0289BADBAC}.Debug|Any CPU.ActiveCfg = Debug|Any CPU
		{A426C626-767E-454B-8D48-7D0289BADBAC}.Debug|Any CPU.Build.0 = Debug|Any CPU
		{A426C626-767E-454B-8D48-7D0289BADBAC}.Debug|Mixed Platforms.ActiveCfg = Debug|Any CPU
		{A426C626-767E-454B-8D48-7D0289BADBAC}.Debug|Mixed Platforms.Build.0 = Debug|Any CPU
		{A426C626-767E-454B-8D48-7D0289BADBAC}.Release|.NET.ActiveCfg = Release|Any CPU
		{A426C626-767E-454B-8D48-7D0289BADBAC}.Release|Any CPU.ActiveCfg = Release|Any CPU
		{A426C626-767E-454B-8D48-7D0289BADBAC}.Release|Any CPU.Build.0 = Release|Any CPU
		{A426C626-767E-454B-8D48-7D0289BADBAC}.Release|Mixed Platforms.ActiveCfg = Release|Any CPU
		{A426C626-767E-454B-8D48-7D0289BADBAC}.Release|Mixed Platforms.Build.0 = Release|Any CPU
		{FBE087E3-A830-485B-BD8F-620B5BB83DB7}.Debug|.NET.ActiveCfg = Debug|Any CPU
		{FBE087E3-A830-485B-BD8F-620B5BB83DB7}.Debug|Any CPU.ActiveCfg = Debug|Any CPU
		{FBE087E3-A830-485B-BD8F-620B5BB83DB7}.Debug|Any CPU.Build.0 = Debug|Any CPU
		{FBE087E3-A830-485B-BD8F-620B5BB83DB7}.Debug|Mixed Platforms.ActiveCfg = Debug|Any CPU
		{FBE087E3-A830-485B-BD8F-620B5BB83DB7}.Debug|Mixed Platforms.Build.0 = Debug|Any CPU
		{FBE087E3-A830-485B-BD8F-620B5BB83DB7}.Release|.NET.ActiveCfg = Release|Any CPU
		{FBE087E3-A830-485B-BD8F-620B5BB83DB7}.Release|Any CPU.ActiveCfg = Release|Any CPU
		{FBE087E3-A830-485B-BD8F-620B5BB83DB7}.Release|Any CPU.Build.0 = Release|Any CPU
		{FBE087E3-A830-485B-BD8F-620B5BB83DB7}.Release|Mixed Platforms.ActiveCfg = Release|Any CPU
		{FBE087E3-A830-485B-BD8F-620B5BB83DB7}.Release|Mixed Platforms.Build.0 = Release|Any CPU
		{9ACAEE63-08E8-41AE-B947-6ADF7DF0C81E}.Debug|.NET.ActiveCfg = Debug|Any CPU
		{9ACAEE63-08E8-41AE-B947-6ADF7DF0C81E}.Debug|Any CPU.ActiveCfg = Debug|Any CPU
		{9ACAEE63-08E8-41AE-B947-6ADF7DF0C81E}.Debug|Any CPU.Build.0 = Debug|Any CPU
		{9ACAEE63-08E8-41AE-B947-6ADF7DF0C81E}.Debug|Mixed Platforms.ActiveCfg = Debug|Any CPU
		{9ACAEE63-08E8-41AE-B947-6ADF7DF0C81E}.Debug|Mixed Platforms.Build.0 = Debug|Any CPU
		{9ACAEE63-08E8-41AE-B947-6ADF7DF0C81E}.Release|.NET.ActiveCfg = Release|Any CPU
		{9ACAEE63-08E8-41AE-B947-6ADF7DF0C81E}.Release|Any CPU.ActiveCfg = Release|Any CPU
		{9ACAEE63-08E8-41AE-B947-6ADF7DF0C81E}.Release|Any CPU.Build.0 = Release|Any CPU
		{9ACAEE63-08E8-41AE-B947-6ADF7DF0C81E}.Release|Mixed Platforms.ActiveCfg = Release|Any CPU
		{9ACAEE63-08E8-41AE-B947-6ADF7DF0C81E}.Release|Mixed Platforms.Build.0 = Release|Any CPU
		{6368DD2E-C2A0-45B6-8D08-3F1E67572322}.Debug|.NET.ActiveCfg = Debug|Any CPU
		{6368DD2E-C2A0-45B6-8D08-3F1E67572322}.Debug|Any CPU.ActiveCfg = Debug|Any CPU
		{6368DD2E-C2A0-45B6-8D08-3F1E67572322}.Debug|Any CPU.Build.0 = Debug|Any CPU
		{6368DD2E-C2A0-45B6-8D08-3F1E67572322}.Debug|Mixed Platforms.ActiveCfg = Debug|Any CPU
		{6368DD2E-C2A0-45B6-8D08-3F1E67572322}.Release|.NET.ActiveCfg = Release|Any CPU
		{6368DD2E-C2A0-45B6-8D08-3F1E67572322}.Release|Any CPU.ActiveCfg = Release|Any CPU
		{6368DD2E-C2A0-45B6-8D08-3F1E67572322}.Release|Any CPU.Build.0 = Release|Any CPU
		{6368DD2E-C2A0-45B6-8D08-3F1E67572322}.Release|Mixed Platforms.ActiveCfg = Release|Any CPU
	EndGlobalSection
	GlobalSection(SolutionProperties) = preSolution
		HideSolutionNode = FALSE
	EndGlobalSection
	GlobalSection(TeamFoundationVersionControl) = preSolution
		SccNumberOfProjects = 6
		SccEnterpriseProvider = {4CA58AB2-18FA-4F8D-95D4-32DDF27D184C}
		SccTeamFoundationServer = https://tfs02.codeplex.com/
		SccLocalPath0 = .
		SccWebProject1 = true
		SccProjectUniqueName1 = Dropthings
		SccProjectName1 = Dropthings
		SccLocalPath1 = Dropthings
		SccProjectEnlistmentChoice1 = 2
		SccProjectUniqueName2 = DashboardBusiness\\DashboardBusiness.csproj
		SccProjectName2 = DashboardBusiness
		SccLocalPath2 = DashboardBusiness
		SccProjectUniqueName3 = DashboardDataAccess\\DashboardDataAccess.csproj
		SccProjectName3 = DashboardDataAccess
		SccLocalPath3 = DashboardDataAccess
		SccProjectUniqueName4 = AjaxAsmxHandler\\AJAXASMXHandler.csproj
		SccProjectName4 = AjaxAsmxHandler
		SccLocalPath4 = AjaxAsmxHandler
		SccProjectUniqueName5 = CustomDragDrop\\CustomDragDrop.csproj
		SccProjectName5 = CustomDragDrop
		SccLocalPath5 = CustomDragDrop
	EndGlobalSection
	GlobalSection(TextTemplating) = postSolution
		TextTemplating = 1
	EndGlobalSection
EndGlobal
